
Microsoft Visual Studio Solution File, Format Version 12.00
# Visual Studio Version 17
VisualStudioVersion = 17.8.34330.188
MinimumVisualStudioVersion = 10.0.40219.1
Project("{FAE04EC0-301F-11D3-BF4B-00C04F79EFBC}") = "CarWash1.0", "CarWash1.0.csproj", "{5CD918FD-343E-4253-AD6C-A9F1BF876912}"
EndProject
Global
	GlobalSection(SolutionConfigurationPlatforms) = preSolution
		Debug|Any CPU = Debug|Any CPU
		Release|Any CPU = Release|Any CPU
	EndGlobalSection
	GlobalSection(ProjectConfigurationPlatforms) = postSolution
		{5CD918FD-343E-4253-AD6C-A9F1BF876912}.Debug|Any CPU.ActiveCfg = Debug|Any CPU
		{5CD918FD-343E-4253-AD6C-A9F1BF876912}.Debug|Any CPU.Build.0 = Debug|Any CPU
		{5CD918FD-343E-4253-AD6C-A9F1BF876912}.Release|Any CPU.ActiveCfg = Release|Any CPU
		{5CD918FD-343E-4253-AD6C-A9F1BF876912}.Release|Any CPU.Build.0 = Release|Any CPU
	EndGlobalSection
	GlobalSection(SolutionProperties) = preSolution
		HideSolutionNode = FALSE
	EndGlobalSection
	GlobalSection(ExtensibilityGlobals) = postSolution
		SolutionGuid = {EE8333FB-8AF5-4A8C-B567-AD2B4BFF82ED}
	EndGlobalSection
EndGlobal
